
Microsoft Visual Studio Solution File, Format Version 12.00
# Visual Studio Version 16
VisualStudioVersion = 16.0.30225.117
MinimumVisualStudioVersion = 10.0.40219.1
Project("{FAE04EC0-301F-11D3-BF4B-00C04F79EFBC}") = "BulkyBookProject", "BulkyBookProject\BulkyBookProject.csproj", "{96D4139A-1523-42B7-B53F-B491F87163D7}"
EndProject
Global
	GlobalSection(SolutionConfigurationPlatforms) = preSolution
		Debug|Any CPU = Debug|Any CPU
		Release|Any CPU = Release|Any CPU
	EndGlobalSection
	GlobalSection(ProjectConfigurationPlatforms) = postSolution
		{96D4139A-1523-42B7-B53F-B491F87163D7}.Debug|Any CPU.ActiveCfg = Debug|Any CPU
		{96D4139A-1523-42B7-B53F-B491F87163D7}.Debug|Any CPU.Build.0 = Debug|Any CPU
		{96D4139A-1523-42B7-B53F-B491F87163D7}.Release|Any CPU.ActiveCfg = Release|Any CPU
		{96D4139A-1523-42B7-B53F-B491F87163D7}.Release|Any CPU.Build.0 = Release|Any CPU
	EndGlobalSection
	GlobalSection(SolutionProperties) = preSolution
		HideSolutionNode = FALSE
	EndGlobalSection
	GlobalSection(ExtensibilityGlobals) = postSolution
		SolutionGuid = {4DF7A349-AA09-4AE9-9CBE-4FCAAF98F0BE}
	EndGlobalSection
EndGlobal
